// !$*UTF8*$!
{
	archiveVersion = 1;
	classes = {
	};
	objectVersion = 50;
	objects = {

/* Begin PBXBuildFile section */
		8E2A2B86239634060048671D /* ReminderLocationSearchDelegate.swift in Sources */ = {isa = PBXBuildFile; fileRef = 8E2A2B85239634060048671D /* ReminderLocationSearchDelegate.swift */; };
		8E2A2B88239641E20048671D /* ReminderArrayUtility.swift in Sources */ = {isa = PBXBuildFile; fileRef = 8E2A2B87239641E20048671D /* ReminderArrayUtility.swift */; };
		8E36604F238A83810012E19C /* ReminderListViewModel.swift in Sources */ = {isa = PBXBuildFile; fileRef = 8E36604E238A83810012E19C /* ReminderListViewModel.swift */; };
		8E366051238A83AB0012E19C /* ReminderListDisplayable.swift in Sources */ = {isa = PBXBuildFile; fileRef = 8E366050238A83AB0012E19C /* ReminderListDisplayable.swift */; };
		8E366054238A84690012E19C /* ReminderLabelTextAttribute.swift in Sources */ = {isa = PBXBuildFile; fileRef = 8E366053238A84690012E19C /* ReminderLabelTextAttribute.swift */; };
		8E7079B62398FEB000639308 /* ReminderTitleSubtitleView.swift in Sources */ = {isa = PBXBuildFile; fileRef = 8E7079B52398FEB000639308 /* ReminderTitleSubtitleView.swift */; };
		8E7079B923993D7300639308 /* ReminderLocationSearchResultListDisplayable.swift in Sources */ = {isa = PBXBuildFile; fileRef = 8E7079B823993D7300639308 /* ReminderLocationSearchResultListDisplayable.swift */; };
		8E7079BC2399531500639308 /* ReminderTitleTextDisplayable.swift in Sources */ = {isa = PBXBuildFile; fileRef = 8E7079BB2399531500639308 /* ReminderTitleTextDisplayable.swift */; };
		8E7079BE2399539800639308 /* ReminderSubtitleTextDisplayable.swift in Sources */ = {isa = PBXBuildFile; fileRef = 8E7079BD2399539800639308 /* ReminderSubtitleTextDisplayable.swift */; };
		8E7079C12399610500639308 /* ReminderTitleTextViewModel.swift in Sources */ = {isa = PBXBuildFile; fileRef = 8E7079C02399610500639308 /* ReminderTitleTextViewModel.swift */; };
		8E7079C32399627900639308 /* ReminderSubtitleTextViewModel.swift in Sources */ = {isa = PBXBuildFile; fileRef = 8E7079C22399627900639308 /* ReminderSubtitleTextViewModel.swift */; };
		8E79574723897FE30028F0EE /* AppDelegate.swift in Sources */ = {isa = PBXBuildFile; fileRef = 8E79574623897FE30028F0EE /* AppDelegate.swift */; };
		8E79574923897FE30028F0EE /* SceneDelegate.swift in Sources */ = {isa = PBXBuildFile; fileRef = 8E79574823897FE30028F0EE /* SceneDelegate.swift */; };
		8E79574B23897FE30028F0EE /* ReminderListViewController.swift in Sources */ = {isa = PBXBuildFile; fileRef = 8E79574A23897FE30028F0EE /* ReminderListViewController.swift */; };
		8E79574E23897FE30028F0EE /* Main.storyboard in Resources */ = {isa = PBXBuildFile; fileRef = 8E79574C23897FE30028F0EE /* Main.storyboard */; };
		8E79575023897FE90028F0EE /* Assets.xcassets in Resources */ = {isa = PBXBuildFile; fileRef = 8E79574F23897FE90028F0EE /* Assets.xcassets */; };
		8E79575323897FE90028F0EE /* LaunchScreen.storyboard in Resources */ = {isa = PBXBuildFile; fileRef = 8E79575123897FE90028F0EE /* LaunchScreen.storyboard */; };
		8E79575D238A68F60028F0EE /* ReminderListTableView.swift in Sources */ = {isa = PBXBuildFile; fileRef = 8E79575C238A68F60028F0EE /* ReminderListTableView.swift */; };
		8E79575F238A6CEF0028F0EE /* ReminderListTableViewDataSource.swift in Sources */ = {isa = PBXBuildFile; fileRef = 8E79575E238A6CEF0028F0EE /* ReminderListTableViewDataSource.swift */; };
		8E795762238A735C0028F0EE /* ReminderListTableViewCell.swift in Sources */ = {isa = PBXBuildFile; fileRef = 8E795760238A735C0028F0EE /* ReminderListTableViewCell.swift */; };
		8E795763238A735C0028F0EE /* ReminderListTableViewCell.xib in Resources */ = {isa = PBXBuildFile; fileRef = 8E795761238A735C0028F0EE /* ReminderListTableViewCell.xib */; };
		8E7B1216238A97660063DE3E /* ReminderDetailDisplayable.swift in Sources */ = {isa = PBXBuildFile; fileRef = 8E7B1215238A97660063DE3E /* ReminderDetailDisplayable.swift */; };
		8E7B1219238A97CA0063DE3E /* ReminderInformationDisplayable.swift in Sources */ = {isa = PBXBuildFile; fileRef = 8E7B1218238A97CA0063DE3E /* ReminderInformationDisplayable.swift */; };
		8E7B121D238AFB290063DE3E /* ProximityReminder.xcdatamodeld in Sources */ = {isa = PBXBuildFile; fileRef = 8E7B121B238AFB290063DE3E /* ProximityReminder.xcdatamodeld */; };
		8E7B1220238AFC620063DE3E /* Reminder+CoreDataClass.swift in Sources */ = {isa = PBXBuildFile; fileRef = 8E7B121E238AFC620063DE3E /* Reminder+CoreDataClass.swift */; };
		8E7B1221238AFC620063DE3E /* Reminder+CoreDataProperties.swift in Sources */ = {isa = PBXBuildFile; fileRef = 8E7B121F238AFC620063DE3E /* Reminder+CoreDataProperties.swift */; };
		8E7B1223238AFDEC0063DE3E /* FetchedResultsControllerCreator.swift in Sources */ = {isa = PBXBuildFile; fileRef = 8E7B1222238AFDEC0063DE3E /* FetchedResultsControllerCreator.swift */; };
		8E7B1225238B02640063DE3E /* CoreDataContextConfigurer.swift in Sources */ = {isa = PBXBuildFile; fileRef = 8E7B1224238B02640063DE3E /* CoreDataContextConfigurer.swift */; };
		8E7B1227238B1ADD0063DE3E /* ReminderNotifier.swift in Sources */ = {isa = PBXBuildFile; fileRef = 8E7B1226238B1ADD0063DE3E /* ReminderNotifier.swift */; };
		8E7B122A238B1B6F0063DE3E /* ReminderDetailViewController.swift in Sources */ = {isa = PBXBuildFile; fileRef = 8E7B1228238B1B6F0063DE3E /* ReminderDetailViewController.swift */; };
		8E7B122E238C1DCB0063DE3E /* ReminderContentTableViewCell.swift in Sources */ = {isa = PBXBuildFile; fileRef = 8E7B122C238C1DCB0063DE3E /* ReminderContentTableViewCell.swift */; };
		8E7B122F238C1DCB0063DE3E /* ReminderContentTableViewCell.xib in Resources */ = {isa = PBXBuildFile; fileRef = 8E7B122D238C1DCB0063DE3E /* ReminderContentTableViewCell.xib */; };
		8E7B1231238C29FD0063DE3E /* ReminderSwitchTableViewCell.swift in Sources */ = {isa = PBXBuildFile; fileRef = 8E7B1230238C29FD0063DE3E /* ReminderSwitchTableViewCell.swift */; };
		8E7B1233238C2CC20063DE3E /* ReminderDualModeDisplayable.swift in Sources */ = {isa = PBXBuildFile; fileRef = 8E7B1232238C2CC20063DE3E /* ReminderDualModeDisplayable.swift */; };
		8E7B1235238C2EC80063DE3E /* ReminderDetailNotificationActivationViewModel.swift in Sources */ = {isa = PBXBuildFile; fileRef = 8E7B1234238C2EC80063DE3E /* ReminderDetailNotificationActivationViewModel.swift */; };
		8E7B123A238C4A8F0063DE3E /* ReminderDetailTableView.swift in Sources */ = {isa = PBXBuildFile; fileRef = 8E7B1239238C4A8F0063DE3E /* ReminderDetailTableView.swift */; };
		8E7B123C238C4B760063DE3E /* ReminderDetailTableViewDataSource.swift in Sources */ = {isa = PBXBuildFile; fileRef = 8E7B123B238C4B760063DE3E /* ReminderDetailTableViewDataSource.swift */; };
		8E7B123E238C589C0063DE3E /* ReminderDetailViewModel.swift in Sources */ = {isa = PBXBuildFile; fileRef = 8E7B123D238C589C0063DE3E /* ReminderDetailViewModel.swift */; };
		8E7B1242238C6B8A0063DE3E /* ReminderLocationTableViewCell.swift in Sources */ = {isa = PBXBuildFile; fileRef = 8E7B1240238C6B8A0063DE3E /* ReminderLocationTableViewCell.swift */; };
		8E7B1243238C6B8A0063DE3E /* ReminderTitleSubtitleView.xib in Resources */ = {isa = PBXBuildFile; fileRef = 8E7B1241238C6B8A0063DE3E /* ReminderTitleSubtitleView.xib */; };
		8E981BE223928602002CC3E6 /* ReminderDateFormatConfigurer.swift in Sources */ = {isa = PBXBuildFile; fileRef = 8E981BE123928602002CC3E6 /* ReminderDateFormatConfigurer.swift */; };
		8E981BE623941965002CC3E6 /* ReminderLocationSelectionViewController.swift in Sources */ = {isa = PBXBuildFile; fileRef = 8E981BE423941965002CC3E6 /* ReminderLocationSelectionViewController.swift */; };
		8E981BE723941965002CC3E6 /* ReminderLocationSelectionViewController.xib in Resources */ = {isa = PBXBuildFile; fileRef = 8E981BE523941965002CC3E6 /* ReminderLocationSelectionViewController.xib */; };
		8E981BEB23941E14002CC3E6 /* ReminderLocationSelectionTableView.swift in Sources */ = {isa = PBXBuildFile; fileRef = 8E981BEA23941E14002CC3E6 /* ReminderLocationSelectionTableView.swift */; };
		8E981BEE23941E96002CC3E6 /* ReminderLocationSelectionTableViewDataSource.swift in Sources */ = {isa = PBXBuildFile; fileRef = 8E981BED23941E96002CC3E6 /* ReminderLocationSelectionTableViewDataSource.swift */; };
		8E981BF223942017002CC3E6 /* ReminderLocation.swift in Sources */ = {isa = PBXBuildFile; fileRef = 8E981BF123942017002CC3E6 /* ReminderLocation.swift */; };
		8E981BF423942050002CC3E6 /* ReminderLocationListViewModel.swift in Sources */ = {isa = PBXBuildFile; fileRef = 8E981BF323942050002CC3E6 /* ReminderLocationListViewModel.swift */; };
		8E981BF6239440FA002CC3E6 /* ReminderLocationSearch.swift in Sources */ = {isa = PBXBuildFile; fileRef = 8E981BF5239440FA002CC3E6 /* ReminderLocationSearch.swift */; };
		8ECA60FE238F98A300C63ED8 /* ReminderViewAttribute.swift in Sources */ = {isa = PBXBuildFile; fileRef = 8ECA60FD238F98A300C63ED8 /* ReminderViewAttribute.swift */; };
		8EDE0A33239051C300E2DB12 /* ReminderAlertController.swift in Sources */ = {isa = PBXBuildFile; fileRef = 8EDE0A32239051C300E2DB12 /* ReminderAlertController.swift */; };
		8EDE0A352390572500E2DB12 /* ReminderAlertHeading.swift in Sources */ = {isa = PBXBuildFile; fileRef = 8EDE0A342390572500E2DB12 /* ReminderAlertHeading.swift */; };
		8EDE0A382390578F00E2DB12 /* ReminderAlertAction.swift in Sources */ = {isa = PBXBuildFile; fileRef = 8EDE0A372390578F00E2DB12 /* ReminderAlertAction.swift */; };
/* End PBXBuildFile section */

/* Begin PBXFileReference section */
		8E2A2B85239634060048671D /* ReminderLocationSearchDelegate.swift */ = {isa = PBXFileReference; lastKnownFileType = sourcecode.swift; path = ReminderLocationSearchDelegate.swift; sourceTree = "<group>"; };
		8E2A2B87239641E20048671D /* ReminderArrayUtility.swift */ = {isa = PBXFileReference; lastKnownFileType = sourcecode.swift; path = ReminderArrayUtility.swift; sourceTree = "<group>"; };
		8E36604E238A83810012E19C /* ReminderListViewModel.swift */ = {isa = PBXFileReference; lastKnownFileType = sourcecode.swift; path = ReminderListViewModel.swift; sourceTree = "<group>"; };
		8E366050238A83AB0012E19C /* ReminderListDisplayable.swift */ = {isa = PBXFileReference; lastKnownFileType = sourcecode.swift; path = ReminderListDisplayable.swift; sourceTree = "<group>"; };
		8E366053238A84690012E19C /* ReminderLabelTextAttribute.swift */ = {isa = PBXFileReference; lastKnownFileType = sourcecode.swift; path = ReminderLabelTextAttribute.swift; sourceTree = "<group>"; };
		8E7079B52398FEB000639308 /* ReminderTitleSubtitleView.swift */ = {isa = PBXFileReference; lastKnownFileType = sourcecode.swift; path = ReminderTitleSubtitleView.swift; sourceTree = "<group>"; };
		8E7079B823993D7300639308 /* ReminderLocationSearchResultListDisplayable.swift */ = {isa = PBXFileReference; lastKnownFileType = sourcecode.swift; path = ReminderLocationSearchResultListDisplayable.swift; sourceTree = "<group>"; };
		8E7079BB2399531500639308 /* ReminderTitleTextDisplayable.swift */ = {isa = PBXFileReference; lastKnownFileType = sourcecode.swift; path = ReminderTitleTextDisplayable.swift; sourceTree = "<group>"; };
		8E7079BD2399539800639308 /* ReminderSubtitleTextDisplayable.swift */ = {isa = PBXFileReference; lastKnownFileType = sourcecode.swift; path = ReminderSubtitleTextDisplayable.swift; sourceTree = "<group>"; };
		8E7079C02399610500639308 /* ReminderTitleTextViewModel.swift */ = {isa = PBXFileReference; lastKnownFileType = sourcecode.swift; path = ReminderTitleTextViewModel.swift; sourceTree = "<group>"; };
		8E7079C22399627900639308 /* ReminderSubtitleTextViewModel.swift */ = {isa = PBXFileReference; lastKnownFileType = sourcecode.swift; path = ReminderSubtitleTextViewModel.swift; sourceTree = "<group>"; };
		8E79574323897FE30028F0EE /* ProximityReminder.app */ = {isa = PBXFileReference; explicitFileType = wrapper.application; includeInIndex = 0; path = ProximityReminder.app; sourceTree = BUILT_PRODUCTS_DIR; };
		8E79574623897FE30028F0EE /* AppDelegate.swift */ = {isa = PBXFileReference; lastKnownFileType = sourcecode.swift; path = AppDelegate.swift; sourceTree = "<group>"; };
		8E79574823897FE30028F0EE /* SceneDelegate.swift */ = {isa = PBXFileReference; lastKnownFileType = sourcecode.swift; path = SceneDelegate.swift; sourceTree = "<group>"; };
		8E79574A23897FE30028F0EE /* ReminderListViewController.swift */ = {isa = PBXFileReference; lastKnownFileType = sourcecode.swift; path = ReminderListViewController.swift; sourceTree = "<group>"; };
		8E79574D23897FE30028F0EE /* Base */ = {isa = PBXFileReference; lastKnownFileType = file.storyboard; name = Base; path = Base.lproj/Main.storyboard; sourceTree = "<group>"; };
		8E79574F23897FE90028F0EE /* Assets.xcassets */ = {isa = PBXFileReference; lastKnownFileType = folder.assetcatalog; path = Assets.xcassets; sourceTree = "<group>"; };
		8E79575223897FE90028F0EE /* Base */ = {isa = PBXFileReference; lastKnownFileType = file.storyboard; name = Base; path = Base.lproj/LaunchScreen.storyboard; sourceTree = "<group>"; };
		8E79575423897FE90028F0EE /* Info.plist */ = {isa = PBXFileReference; lastKnownFileType = text.plist.xml; path = Info.plist; sourceTree = "<group>"; };
		8E79575C238A68F60028F0EE /* ReminderListTableView.swift */ = {isa = PBXFileReference; lastKnownFileType = sourcecode.swift; path = ReminderListTableView.swift; sourceTree = "<group>"; };
		8E79575E238A6CEF0028F0EE /* ReminderListTableViewDataSource.swift */ = {isa = PBXFileReference; lastKnownFileType = sourcecode.swift; path = ReminderListTableViewDataSource.swift; sourceTree = "<group>"; };
		8E795760238A735C0028F0EE /* ReminderListTableViewCell.swift */ = {isa = PBXFileReference; lastKnownFileType = sourcecode.swift; path = ReminderListTableViewCell.swift; sourceTree = "<group>"; };
		8E795761238A735C0028F0EE /* ReminderListTableViewCell.xib */ = {isa = PBXFileReference; lastKnownFileType = file.xib; path = ReminderListTableViewCell.xib; sourceTree = "<group>"; };
		8E7B1215238A97660063DE3E /* ReminderDetailDisplayable.swift */ = {isa = PBXFileReference; lastKnownFileType = sourcecode.swift; path = ReminderDetailDisplayable.swift; sourceTree = "<group>"; };
		8E7B1218238A97CA0063DE3E /* ReminderInformationDisplayable.swift */ = {isa = PBXFileReference; lastKnownFileType = sourcecode.swift; path = ReminderInformationDisplayable.swift; sourceTree = "<group>"; };
		8E7B121C238AFB290063DE3E /* ProximityReminder.xcdatamodel */ = {isa = PBXFileReference; lastKnownFileType = wrapper.xcdatamodel; path = ProximityReminder.xcdatamodel; sourceTree = "<group>"; };
		8E7B121E238AFC620063DE3E /* Reminder+CoreDataClass.swift */ = {isa = PBXFileReference; lastKnownFileType = sourcecode.swift; path = "Reminder+CoreDataClass.swift"; sourceTree = SOURCE_ROOT; };
		8E7B121F238AFC620063DE3E /* Reminder+CoreDataProperties.swift */ = {isa = PBXFileReference; lastKnownFileType = sourcecode.swift; path = "Reminder+CoreDataProperties.swift"; sourceTree = SOURCE_ROOT; };
		8E7B1222238AFDEC0063DE3E /* FetchedResultsControllerCreator.swift */ = {isa = PBXFileReference; lastKnownFileType = sourcecode.swift; path = FetchedResultsControllerCreator.swift; sourceTree = "<group>"; };
		8E7B1224238B02640063DE3E /* CoreDataContextConfigurer.swift */ = {isa = PBXFileReference; lastKnownFileType = sourcecode.swift; path = CoreDataContextConfigurer.swift; sourceTree = "<group>"; };
		8E7B1226238B1ADD0063DE3E /* ReminderNotifier.swift */ = {isa = PBXFileReference; lastKnownFileType = sourcecode.swift; path = ReminderNotifier.swift; sourceTree = "<group>"; };
		8E7B1228238B1B6F0063DE3E /* ReminderDetailViewController.swift */ = {isa = PBXFileReference; lastKnownFileType = sourcecode.swift; path = ReminderDetailViewController.swift; sourceTree = "<group>"; };
		8E7B122C238C1DCB0063DE3E /* ReminderContentTableViewCell.swift */ = {isa = PBXFileReference; lastKnownFileType = sourcecode.swift; path = ReminderContentTableViewCell.swift; sourceTree = "<group>"; };
		8E7B122D238C1DCB0063DE3E /* ReminderContentTableViewCell.xib */ = {isa = PBXFileReference; lastKnownFileType = file.xib; path = ReminderContentTableViewCell.xib; sourceTree = "<group>"; };
		8E7B1230238C29FD0063DE3E /* ReminderSwitchTableViewCell.swift */ = {isa = PBXFileReference; lastKnownFileType = sourcecode.swift; path = ReminderSwitchTableViewCell.swift; sourceTree = "<group>"; };
		8E7B1232238C2CC20063DE3E /* ReminderDualModeDisplayable.swift */ = {isa = PBXFileReference; lastKnownFileType = sourcecode.swift; path = ReminderDualModeDisplayable.swift; sourceTree = "<group>"; };
		8E7B1234238C2EC80063DE3E /* ReminderDetailNotificationActivationViewModel.swift */ = {isa = PBXFileReference; lastKnownFileType = sourcecode.swift; path = ReminderDetailNotificationActivationViewModel.swift; sourceTree = "<group>"; };
		8E7B1239238C4A8F0063DE3E /* ReminderDetailTableView.swift */ = {isa = PBXFileReference; lastKnownFileType = sourcecode.swift; path = ReminderDetailTableView.swift; sourceTree = "<group>"; };
		8E7B123B238C4B760063DE3E /* ReminderDetailTableViewDataSource.swift */ = {isa = PBXFileReference; lastKnownFileType = sourcecode.swift; path = ReminderDetailTableViewDataSource.swift; sourceTree = "<group>"; };
		8E7B123D238C589C0063DE3E /* ReminderDetailViewModel.swift */ = {isa = PBXFileReference; lastKnownFileType = sourcecode.swift; path = ReminderDetailViewModel.swift; sourceTree = "<group>"; };
		8E7B1240238C6B8A0063DE3E /* ReminderLocationTableViewCell.swift */ = {isa = PBXFileReference; lastKnownFileType = sourcecode.swift; path = ReminderLocationTableViewCell.swift; sourceTree = "<group>"; };
		8E7B1241238C6B8A0063DE3E /* ReminderTitleSubtitleView.xib */ = {isa = PBXFileReference; lastKnownFileType = file.xib; path = ReminderTitleSubtitleView.xib; sourceTree = "<group>"; };
		8E981BE123928602002CC3E6 /* ReminderDateFormatConfigurer.swift */ = {isa = PBXFileReference; lastKnownFileType = sourcecode.swift; path = ReminderDateFormatConfigurer.swift; sourceTree = "<group>"; };
		8E981BE423941965002CC3E6 /* ReminderLocationSelectionViewController.swift */ = {isa = PBXFileReference; lastKnownFileType = sourcecode.swift; path = ReminderLocationSelectionViewController.swift; sourceTree = "<group>"; };
		8E981BE523941965002CC3E6 /* ReminderLocationSelectionViewController.xib */ = {isa = PBXFileReference; lastKnownFileType = file.xib; path = ReminderLocationSelectionViewController.xib; sourceTree = "<group>"; };
		8E981BEA23941E14002CC3E6 /* ReminderLocationSelectionTableView.swift */ = {isa = PBXFileReference; lastKnownFileType = sourcecode.swift; path = ReminderLocationSelectionTableView.swift; sourceTree = "<group>"; };
		8E981BED23941E96002CC3E6 /* ReminderLocationSelectionTableViewDataSource.swift */ = {isa = PBXFileReference; lastKnownFileType = sourcecode.swift; path = ReminderLocationSelectionTableViewDataSource.swift; sourceTree = "<group>"; };
		8E981BF123942017002CC3E6 /* ReminderLocation.swift */ = {isa = PBXFileReference; lastKnownFileType = sourcecode.swift; path = ReminderLocation.swift; sourceTree = "<group>"; };
		8E981BF323942050002CC3E6 /* ReminderLocationListViewModel.swift */ = {isa = PBXFileReference; lastKnownFileType = sourcecode.swift; path = ReminderLocationListViewModel.swift; sourceTree = "<group>"; };
		8E981BF5239440FA002CC3E6 /* ReminderLocationSearch.swift */ = {isa = PBXFileReference; lastKnownFileType = sourcecode.swift; path = ReminderLocationSearch.swift; sourceTree = "<group>"; };
		8ECA60FD238F98A300C63ED8 /* ReminderViewAttribute.swift */ = {isa = PBXFileReference; lastKnownFileType = sourcecode.swift; path = ReminderViewAttribute.swift; sourceTree = "<group>"; };
		8EDE0A32239051C300E2DB12 /* ReminderAlertController.swift */ = {isa = PBXFileReference; lastKnownFileType = sourcecode.swift; path = ReminderAlertController.swift; sourceTree = "<group>"; };
		8EDE0A342390572500E2DB12 /* ReminderAlertHeading.swift */ = {isa = PBXFileReference; lastKnownFileType = sourcecode.swift; path = ReminderAlertHeading.swift; sourceTree = "<group>"; };
		8EDE0A372390578F00E2DB12 /* ReminderAlertAction.swift */ = {isa = PBXFileReference; lastKnownFileType = sourcecode.swift; path = ReminderAlertAction.swift; sourceTree = "<group>"; };
/* End PBXFileReference section */

/* Begin PBXFrameworksBuildPhase section */
		8E79574023897FE30028F0EE /* Frameworks */ = {
			isa = PBXFrameworksBuildPhase;
			buildActionMask = 2147483647;
			files = (
			);
			runOnlyForDeploymentPostprocessing = 0;
		};
/* End PBXFrameworksBuildPhase section */

/* Begin PBXGroup section */
		8E366052238A84550012E19C /* Misc */ = {
			isa = PBXGroup;
			children = (
				8E366053238A84690012E19C /* ReminderLabelTextAttribute.swift */,
				8ECA60FD238F98A300C63ED8 /* ReminderViewAttribute.swift */,
				8E981BE123928602002CC3E6 /* ReminderDateFormatConfigurer.swift */,
				8E2A2B87239641E20048671D /* ReminderArrayUtility.swift */,
			);
			name = Misc;
			sourceTree = "<group>";
		};
		8E7079B723993CDA00639308 /* Protocols */ = {
			isa = PBXGroup;
			children = (
				8E7079B823993D7300639308 /* ReminderLocationSearchResultListDisplayable.swift */,
			);
			name = Protocols;
			sourceTree = "<group>";
		};
		8E7079BA239952CE00639308 /* Protocols */ = {
			isa = PBXGroup;
			children = (
				8E7B1218238A97CA0063DE3E /* ReminderInformationDisplayable.swift */,
				8E7079BB2399531500639308 /* ReminderTitleTextDisplayable.swift */,
				8E7079BD2399539800639308 /* ReminderSubtitleTextDisplayable.swift */,
			);
			name = Protocols;
			sourceTree = "<group>";
		};
		8E7079BF239960D500639308 /* ViewModels */ = {
			isa = PBXGroup;
			children = (
				8E7079C02399610500639308 /* ReminderTitleTextViewModel.swift */,
				8E7079C22399627900639308 /* ReminderSubtitleTextViewModel.swift */,
			);
			name = ViewModels;
			sourceTree = "<group>";
		};
		8E79573A23897FE30028F0EE = {
			isa = PBXGroup;
			children = (
				8E79574523897FE30028F0EE /* ProximityReminder */,
				8E79574423897FE30028F0EE /* Products */,
			);
			sourceTree = "<group>";
		};
		8E79574423897FE30028F0EE /* Products */ = {
			isa = PBXGroup;
			children = (
				8E79574323897FE30028F0EE /* ProximityReminder.app */,
			);
			name = Products;
			sourceTree = "<group>";
		};
		8E79574523897FE30028F0EE /* ProximityReminder */ = {
			isa = PBXGroup;
			children = (
				8E981BE32394190C002CC3E6 /* Location */,
				8E7B121A238AFAFD0063DE3E /* CoreData */,
				8E7B1217238A97AF0063DE3E /* Common */,
				8E7B1214238A97470063DE3E /* ReminderDetail */,
				8E366052238A84550012E19C /* Misc */,
				8E79575B238A60EE0028F0EE /* ReminderList */,
				8E79574623897FE30028F0EE /* AppDelegate.swift */,
				8E79574823897FE30028F0EE /* SceneDelegate.swift */,
				8E79574C23897FE30028F0EE /* Main.storyboard */,
				8E79574F23897FE90028F0EE /* Assets.xcassets */,
				8E79575123897FE90028F0EE /* LaunchScreen.storyboard */,
				8E79575423897FE90028F0EE /* Info.plist */,
			);
			path = ProximityReminder;
			sourceTree = "<group>";
		};
		8E79575B238A60EE0028F0EE /* ReminderList */ = {
			isa = PBXGroup;
			children = (
				8E79574A23897FE30028F0EE /* ReminderListViewController.swift */,
				8E79575C238A68F60028F0EE /* ReminderListTableView.swift */,
				8E79575E238A6CEF0028F0EE /* ReminderListTableViewDataSource.swift */,
				8E795760238A735C0028F0EE /* ReminderListTableViewCell.swift */,
				8E795761238A735C0028F0EE /* ReminderListTableViewCell.xib */,
				8E36604E238A83810012E19C /* ReminderListViewModel.swift */,
				8E366050238A83AB0012E19C /* ReminderListDisplayable.swift */,
			);
			name = ReminderList;
			sourceTree = "<group>";
		};
		8E7B1214238A97470063DE3E /* ReminderDetail */ = {
			isa = PBXGroup;
			children = (
				8E7B123F238C6B180063DE3E /* Protocols */,
				8E7B1238238C4A6A0063DE3E /* ViewModels */,
				8E7B1237238C4A640063DE3E /* Views */,
				8E7B1236238C48900063DE3E /* Controllers */,
				8E7B1226238B1ADD0063DE3E /* ReminderNotifier.swift */,
				8E7B123B238C4B760063DE3E /* ReminderDetailTableViewDataSource.swift */,
			);
			name = ReminderDetail;
			sourceTree = "<group>";
		};
		8E7B1217238A97AF0063DE3E /* Common */ = {
			isa = PBXGroup;
			children = (
				8E7079BF239960D500639308 /* ViewModels */,
				8E7079BA239952CE00639308 /* Protocols */,
				8EDE0A362390577000E2DB12 /* AlertController */,
				8E7B1222238AFDEC0063DE3E /* FetchedResultsControllerCreator.swift */,
				8E7B1241238C6B8A0063DE3E /* ReminderTitleSubtitleView.xib */,
				8E7079B52398FEB000639308 /* ReminderTitleSubtitleView.swift */,
			);
			name = Common;
			sourceTree = "<group>";
		};
		8E7B121A238AFAFD0063DE3E /* CoreData */ = {
			isa = PBXGroup;
			children = (
				8E7B121E238AFC620063DE3E /* Reminder+CoreDataClass.swift */,
				8E7B121F238AFC620063DE3E /* Reminder+CoreDataProperties.swift */,
				8E7B121B238AFB290063DE3E /* ProximityReminder.xcdatamodeld */,
				8E7B1224238B02640063DE3E /* CoreDataContextConfigurer.swift */,
			);
			name = CoreData;
			sourceTree = "<group>";
		};
		8E7B1236238C48900063DE3E /* Controllers */ = {
			isa = PBXGroup;
			children = (
				8E7B1228238B1B6F0063DE3E /* ReminderDetailViewController.swift */,
			);
			name = Controllers;
			sourceTree = "<group>";
		};
		8E7B1237238C4A640063DE3E /* Views */ = {
			isa = PBXGroup;
			children = (
				8E7B1230238C29FD0063DE3E /* ReminderSwitchTableViewCell.swift */,
				8E7B122C238C1DCB0063DE3E /* ReminderContentTableViewCell.swift */,
				8E7B122D238C1DCB0063DE3E /* ReminderContentTableViewCell.xib */,
				8E7B1239238C4A8F0063DE3E /* ReminderDetailTableView.swift */,
				8E7B1240238C6B8A0063DE3E /* ReminderLocationTableViewCell.swift */,
			);
			name = Views;
			sourceTree = "<group>";
		};
		8E7B1238238C4A6A0063DE3E /* ViewModels */ = {
			isa = PBXGroup;
			children = (
				8E7B1234238C2EC80063DE3E /* ReminderDetailNotificationActivationViewModel.swift */,
				8E7B123D238C589C0063DE3E /* ReminderDetailViewModel.swift */,
			);
			name = ViewModels;
			sourceTree = "<group>";
		};
		8E7B123F238C6B180063DE3E /* Protocols */ = {
			isa = PBXGroup;
			children = (
				8E7B1232238C2CC20063DE3E /* ReminderDualModeDisplayable.swift */,
				8E7B1215238A97660063DE3E /* ReminderDetailDisplayable.swift */,
			);
			name = Protocols;
			sourceTree = "<group>";
		};
		8E981BE32394190C002CC3E6 /* Location */ = {
			isa = PBXGroup;
			children = (
				8E7079B723993CDA00639308 /* Protocols */,
				8E981BF023941FDD002CC3E6 /* ViewModels */,
				8E981BEF23941FCB002CC3E6 /* Models */,
				8E981BEC23941E6E002CC3E6 /* DataSource */,
				8E981BE923941DDE002CC3E6 /* Views */,
				8E981BE823941DCC002CC3E6 /* Controllers */,
			);
			name = Location;
			sourceTree = "<group>";
		};
		8E981BE823941DCC002CC3E6 /* Controllers */ = {
			isa = PBXGroup;
			children = (
				8E981BE423941965002CC3E6 /* ReminderLocationSelectionViewController.swift */,
				8E981BE523941965002CC3E6 /* ReminderLocationSelectionViewController.xib */,
				8E981BF5239440FA002CC3E6 /* ReminderLocationSearch.swift */,
			);
			name = Controllers;
			sourceTree = "<group>";
		};
		8E981BE923941DDE002CC3E6 /* Views */ = {
			isa = PBXGroup;
			children = (
				8E981BEA23941E14002CC3E6 /* ReminderLocationSelectionTableView.swift */,
			);
			name = Views;
			sourceTree = "<group>";
		};
		8E981BEC23941E6E002CC3E6 /* DataSource */ = {
			isa = PBXGroup;
			children = (
				8E981BED23941E96002CC3E6 /* ReminderLocationSelectionTableViewDataSource.swift */,
			);
			name = DataSource;
			sourceTree = "<group>";
		};
		8E981BEF23941FCB002CC3E6 /* Models */ = {
			isa = PBXGroup;
			children = (
				8E981BF123942017002CC3E6 /* ReminderLocation.swift */,
				8E2A2B85239634060048671D /* ReminderLocationSearchDelegate.swift */,
			);
			name = Models;
			sourceTree = "<group>";
		};
		8E981BF023941FDD002CC3E6 /* ViewModels */ = {
			isa = PBXGroup;
			children = (
				8E981BF323942050002CC3E6 /* ReminderLocationListViewModel.swift */,
			);
			name = ViewModels;
			sourceTree = "<group>";
		};
		8EDE0A362390577000E2DB12 /* AlertController */ = {
			isa = PBXGroup;
			children = (
				8EDE0A342390572500E2DB12 /* ReminderAlertHeading.swift */,
				8EDE0A32239051C300E2DB12 /* ReminderAlertController.swift */,
				8EDE0A372390578F00E2DB12 /* ReminderAlertAction.swift */,
			);
			name = AlertController;
			sourceTree = "<group>";
		};
/* End PBXGroup section */

/* Begin PBXNativeTarget section */
		8E79574223897FE30028F0EE /* ProximityReminder */ = {
			isa = PBXNativeTarget;
			buildConfigurationList = 8E79575723897FE90028F0EE /* Build configuration list for PBXNativeTarget "ProximityReminder" */;
			buildPhases = (
				8E79573F23897FE30028F0EE /* Sources */,
				8E79574023897FE30028F0EE /* Frameworks */,
				8E79574123897FE30028F0EE /* Resources */,
			);
			buildRules = (
			);
			dependencies = (
			);
			name = ProximityReminder;
			productName = ProximityReminder;
			productReference = 8E79574323897FE30028F0EE /* ProximityReminder.app */;
			productType = "com.apple.product-type.application";
		};
/* End PBXNativeTarget section */

/* Begin PBXProject section */
		8E79573B23897FE30028F0EE /* Project object */ = {
			isa = PBXProject;
			attributes = {
				LastSwiftUpdateCheck = 1120;
				LastUpgradeCheck = 1120;
				ORGANIZATIONNAME = Bharath;
				TargetAttributes = {
					8E79574223897FE30028F0EE = {
						CreatedOnToolsVersion = 11.2.1;
					};
				};
			};
			buildConfigurationList = 8E79573E23897FE30028F0EE /* Build configuration list for PBXProject "ProximityReminder" */;
			compatibilityVersion = "Xcode 9.3";
			developmentRegion = en;
			hasScannedForEncodings = 0;
			knownRegions = (
				en,
				Base,
			);
			mainGroup = 8E79573A23897FE30028F0EE;
			productRefGroup = 8E79574423897FE30028F0EE /* Products */;
			projectDirPath = "";
			projectRoot = "";
			targets = (
				8E79574223897FE30028F0EE /* ProximityReminder */,
			);
		};
/* End PBXProject section */

/* Begin PBXResourcesBuildPhase section */
		8E79574123897FE30028F0EE /* Resources */ = {
			isa = PBXResourcesBuildPhase;
			buildActionMask = 2147483647;
			files = (
				8E7B1243238C6B8A0063DE3E /* ReminderTitleSubtitleView.xib in Resources */,
				8E7B122F238C1DCB0063DE3E /* ReminderContentTableViewCell.xib in Resources */,
				8E981BE723941965002CC3E6 /* ReminderLocationSelectionViewController.xib in Resources */,
				8E79575323897FE90028F0EE /* LaunchScreen.storyboard in Resources */,
				8E79575023897FE90028F0EE /* Assets.xcassets in Resources */,
				8E79574E23897FE30028F0EE /* Main.storyboard in Resources */,
				8E795763238A735C0028F0EE /* ReminderListTableViewCell.xib in Resources */,
			);
			runOnlyForDeploymentPostprocessing = 0;
		};
/* End PBXResourcesBuildPhase section */

/* Begin PBXSourcesBuildPhase section */
		8E79573F23897FE30028F0EE /* Sources */ = {
			isa = PBXSourcesBuildPhase;
			buildActionMask = 2147483647;
			files = (
				8E7B1220238AFC620063DE3E /* Reminder+CoreDataClass.swift in Sources */,
				8E7B1231238C29FD0063DE3E /* ReminderSwitchTableViewCell.swift in Sources */,
				8E79574B23897FE30028F0EE /* ReminderListViewController.swift in Sources */,
				8E7B1235238C2EC80063DE3E /* ReminderDetailNotificationActivationViewModel.swift in Sources */,
				8E7079C32399627900639308 /* ReminderSubtitleTextViewModel.swift in Sources */,
				8E795762238A735C0028F0EE /* ReminderListTableViewCell.swift in Sources */,
				8E2A2B88239641E20048671D /* ReminderArrayUtility.swift in Sources */,
				8E79575F238A6CEF0028F0EE /* ReminderListTableViewDataSource.swift in Sources */,
				8EDE0A33239051C300E2DB12 /* ReminderAlertController.swift in Sources */,
				8E366054238A84690012E19C /* ReminderLabelTextAttribute.swift in Sources */,
				8E981BEB23941E14002CC3E6 /* ReminderLocationSelectionTableView.swift in Sources */,
				8E2A2B86239634060048671D /* ReminderLocationSearchDelegate.swift in Sources */,
				8E7B1233238C2CC20063DE3E /* ReminderDualModeDisplayable.swift in Sources */,
				8E79574723897FE30028F0EE /* AppDelegate.swift in Sources */,
				8EDE0A352390572500E2DB12 /* ReminderAlertHeading.swift in Sources */,
				8E7B123C238C4B760063DE3E /* ReminderDetailTableViewDataSource.swift in Sources */,
				8E981BF6239440FA002CC3E6 /* ReminderLocationSearch.swift in Sources */,
				8E981BF423942050002CC3E6 /* ReminderLocationListViewModel.swift in Sources */,
				8E7B1225238B02640063DE3E /* CoreDataContextConfigurer.swift in Sources */,
				8E7B1219238A97CA0063DE3E /* ReminderInformationDisplayable.swift in Sources */,
				8E7B1216238A97660063DE3E /* ReminderDetailDisplayable.swift in Sources */,
				8E366051238A83AB0012E19C /* ReminderListDisplayable.swift in Sources */,
				8E79574923897FE30028F0EE /* SceneDelegate.swift in Sources */,
				8E7B121D238AFB290063DE3E /* ProximityReminder.xcdatamodeld in Sources */,
				8E981BE223928602002CC3E6 /* ReminderDateFormatConfigurer.swift in Sources */,
				8E7B1221238AFC620063DE3E /* Reminder+CoreDataProperties.swift in Sources */,
				8E7B123E238C589C0063DE3E /* ReminderDetailViewModel.swift in Sources */,
				8E7079B62398FEB000639308 /* ReminderTitleSubtitleView.swift in Sources */,
				8E79575D238A68F60028F0EE /* ReminderListTableView.swift in Sources */,
				8E7B122E238C1DCB0063DE3E /* ReminderContentTableViewCell.swift in Sources */,
				8E7B1227238B1ADD0063DE3E /* ReminderNotifier.swift in Sources */,
				8E981BF223942017002CC3E6 /* ReminderLocation.swift in Sources */,
				8E7B122A238B1B6F0063DE3E /* ReminderDetailViewController.swift in Sources */,
				8E7079C12399610500639308 /* ReminderTitleTextViewModel.swift in Sources */,
				8E7079BC2399531500639308 /* ReminderTitleTextDisplayable.swift in Sources */,
				8EDE0A382390578F00E2DB12 /* ReminderAlertAction.swift in Sources */,
				8ECA60FE238F98A300C63ED8 /* ReminderViewAttribute.swift in Sources */,
				8E7B1242238C6B8A0063DE3E /* ReminderLocationTableViewCell.swift in Sources */,
				8E981BE623941965002CC3E6 /* ReminderLocationSelectionViewController.swift in Sources */,
				8E7079B923993D7300639308 /* ReminderLocationSearchResultListDisplayable.swift in Sources */,
				8E981BEE23941E96002CC3E6 /* ReminderLocationSelectionTableViewDataSource.swift in Sources */,
				8E7B1223238AFDEC0063DE3E /* FetchedResultsControllerCreator.swift in Sources */,
				8E36604F238A83810012E19C /* ReminderListViewModel.swift in Sources */,
				8E7079BE2399539800639308 /* ReminderSubtitleTextDisplayable.swift in Sources */,
				8E7B123A238C4A8F0063DE3E /* ReminderDetailTableView.swift in Sources */,
			);
			runOnlyForDeploymentPostprocessing = 0;
		};
/* End PBXSourcesBuildPhase section */

/* Begin PBXVariantGroup section */
		8E79574C23897FE30028F0EE /* Main.storyboard */ = {
			isa = PBXVariantGroup;
			children = (
				8E79574D23897FE30028F0EE /* Base */,
			);
			name = Main.storyboard;
			sourceTree = "<group>";
		};
		8E79575123897FE90028F0EE /* LaunchScreen.storyboard */ = {
			isa = PBXVariantGroup;
			children = (
				8E79575223897FE90028F0EE /* Base */,
			);
			name = LaunchScreen.storyboard;
			sourceTree = "<group>";
		};
/* End PBXVariantGroup section */

/* Begin XCBuildConfiguration section */
		8E79575523897FE90028F0EE /* Debug */ = {
			isa = XCBuildConfiguration;
			buildSettings = {
				ALWAYS_SEARCH_USER_PATHS = NO;
				CLANG_ANALYZER_NONNULL = YES;
				CLANG_ANALYZER_NUMBER_OBJECT_CONVERSION = YES_AGGRESSIVE;
				CLANG_CXX_LANGUAGE_STANDARD = "gnu++14";
				CLANG_CXX_LIBRARY = "libc++";
				CLANG_ENABLE_MODULES = YES;
				CLANG_ENABLE_OBJC_ARC = YES;
				CLANG_ENABLE_OBJC_WEAK = YES;
				CLANG_WARN_BLOCK_CAPTURE_AUTORELEASING = YES;
				CLANG_WARN_BOOL_CONVERSION = YES;
				CLANG_WARN_COMMA = YES;
				CLANG_WARN_CONSTANT_CONVERSION = YES;
				CLANG_WARN_DEPRECATED_OBJC_IMPLEMENTATIONS = YES;
				CLANG_WARN_DIRECT_OBJC_ISA_USAGE = YES_ERROR;
				CLANG_WARN_DOCUMENTATION_COMMENTS = YES;
				CLANG_WARN_EMPTY_BODY = YES;
				CLANG_WARN_ENUM_CONVERSION = YES;
				CLANG_WARN_INFINITE_RECURSION = YES;
				CLANG_WARN_INT_CONVERSION = YES;
				CLANG_WARN_NON_LITERAL_NULL_CONVERSION = YES;
				CLANG_WARN_OBJC_IMPLICIT_RETAIN_SELF = YES;
				CLANG_WARN_OBJC_LITERAL_CONVERSION = YES;
				CLANG_WARN_OBJC_ROOT_CLASS = YES_ERROR;
				CLANG_WARN_RANGE_LOOP_ANALYSIS = YES;
				CLANG_WARN_STRICT_PROTOTYPES = YES;
				CLANG_WARN_SUSPICIOUS_MOVE = YES;
				CLANG_WARN_UNGUARDED_AVAILABILITY = YES_AGGRESSIVE;
				CLANG_WARN_UNREACHABLE_CODE = YES;
				CLANG_WARN__DUPLICATE_METHOD_MATCH = YES;
				COPY_PHASE_STRIP = NO;
				DEBUG_INFORMATION_FORMAT = dwarf;
				ENABLE_STRICT_OBJC_MSGSEND = YES;
				ENABLE_TESTABILITY = YES;
				GCC_C_LANGUAGE_STANDARD = gnu11;
				GCC_DYNAMIC_NO_PIC = NO;
				GCC_NO_COMMON_BLOCKS = YES;
				GCC_OPTIMIZATION_LEVEL = 0;
				GCC_PREPROCESSOR_DEFINITIONS = (
					"DEBUG=1",
					"$(inherited)",
				);
				GCC_WARN_64_TO_32_BIT_CONVERSION = YES;
				GCC_WARN_ABOUT_RETURN_TYPE = YES_ERROR;
				GCC_WARN_UNDECLARED_SELECTOR = YES;
				GCC_WARN_UNINITIALIZED_AUTOS = YES_AGGRESSIVE;
				GCC_WARN_UNUSED_FUNCTION = YES;
				GCC_WARN_UNUSED_VARIABLE = YES;
				IPHONEOS_DEPLOYMENT_TARGET = 13.2;
				MTL_ENABLE_DEBUG_INFO = INCLUDE_SOURCE;
				MTL_FAST_MATH = YES;
				ONLY_ACTIVE_ARCH = YES;
				SDKROOT = iphoneos;
				SWIFT_ACTIVE_COMPILATION_CONDITIONS = DEBUG;
				SWIFT_OPTIMIZATION_LEVEL = "-Onone";
			};
			name = Debug;
		};
		8E79575623897FE90028F0EE /* Release */ = {
			isa = XCBuildConfiguration;
			buildSettings = {
				ALWAYS_SEARCH_USER_PATHS = NO;
				CLANG_ANALYZER_NONNULL = YES;
				CLANG_ANALYZER_NUMBER_OBJECT_CONVERSION = YES_AGGRESSIVE;
				CLANG_CXX_LANGUAGE_STANDARD = "gnu++14";
				CLANG_CXX_LIBRARY = "libc++";
				CLANG_ENABLE_MODULES = YES;
				CLANG_ENABLE_OBJC_ARC = YES;
				CLANG_ENABLE_OBJC_WEAK = YES;
				CLANG_WARN_BLOCK_CAPTURE_AUTORELEASING = YES;
				CLANG_WARN_BOOL_CONVERSION = YES;
				CLANG_WARN_COMMA = YES;
				CLANG_WARN_CONSTANT_CONVERSION = YES;
				CLANG_WARN_DEPRECATED_OBJC_IMPLEMENTATIONS = YES;
				CLANG_WARN_DIRECT_OBJC_ISA_USAGE = YES_ERROR;
				CLANG_WARN_DOCUMENTATION_COMMENTS = YES;
				CLANG_WARN_EMPTY_BODY = YES;
				CLANG_WARN_ENUM_CONVERSION = YES;
				CLANG_WARN_INFINITE_RECURSION = YES;
				CLANG_WARN_INT_CONVERSION = YES;
				CLANG_WARN_NON_LITERAL_NULL_CONVERSION = YES;
				CLANG_WARN_OBJC_IMPLICIT_RETAIN_SELF = YES;
				CLANG_WARN_OBJC_LITERAL_CONVERSION = YES;
				CLANG_WARN_OBJC_ROOT_CLASS = YES_ERROR;
				CLANG_WARN_RANGE_LOOP_ANALYSIS = YES;
				CLANG_WARN_STRICT_PROTOTYPES = YES;
				CLANG_WARN_SUSPICIOUS_MOVE = YES;
				CLANG_WARN_UNGUARDED_AVAILABILITY = YES_AGGRESSIVE;
				CLANG_WARN_UNREACHABLE_CODE = YES;
				CLANG_WARN__DUPLICATE_METHOD_MATCH = YES;
				COPY_PHASE_STRIP = NO;
				DEBUG_INFORMATION_FORMAT = "dwarf-with-dsym";
				ENABLE_NS_ASSERTIONS = NO;
				ENABLE_STRICT_OBJC_MSGSEND = YES;
				GCC_C_LANGUAGE_STANDARD = gnu11;
				GCC_NO_COMMON_BLOCKS = YES;
				GCC_WARN_64_TO_32_BIT_CONVERSION = YES;
				GCC_WARN_ABOUT_RETURN_TYPE = YES_ERROR;
				GCC_WARN_UNDECLARED_SELECTOR = YES;
				GCC_WARN_UNINITIALIZED_AUTOS = YES_AGGRESSIVE;
				GCC_WARN_UNUSED_FUNCTION = YES;
				GCC_WARN_UNUSED_VARIABLE = YES;
				IPHONEOS_DEPLOYMENT_TARGET = 13.2;
				MTL_ENABLE_DEBUG_INFO = NO;
				MTL_FAST_MATH = YES;
				SDKROOT = iphoneos;
				SWIFT_COMPILATION_MODE = wholemodule;
				SWIFT_OPTIMIZATION_LEVEL = "-O";
				VALIDATE_PRODUCT = YES;
			};
			name = Release;
		};
		8E79575823897FE90028F0EE /* Debug */ = {
			isa = XCBuildConfiguration;
			buildSettings = {
				ASSETCATALOG_COMPILER_APPICON_NAME = AppIcon;
				CODE_SIGN_STYLE = Automatic;
				DEVELOPMENT_TEAM = 73CXK45F3F;
				INFOPLIST_FILE = ProximityReminder/Info.plist;
				LD_RUNPATH_SEARCH_PATHS = (
					"$(inherited)",
					"@executable_path/Frameworks",
				);
				PRODUCT_BUNDLE_IDENTIFIER = GunduApps.ProximityReminder;
				PRODUCT_NAME = "$(TARGET_NAME)";
				SWIFT_VERSION = 5.0;
				TARGETED_DEVICE_FAMILY = "1,2";
			};
			name = Debug;
		};
		8E79575923897FE90028F0EE /* Release */ = {
			isa = XCBuildConfiguration;
			buildSettings = {
				ASSETCATALOG_COMPILER_APPICON_NAME = AppIcon;
				CODE_SIGN_STYLE = Automatic;
				DEVELOPMENT_TEAM = 73CXK45F3F;
				INFOPLIST_FILE = ProximityReminder/Info.plist;
				LD_RUNPATH_SEARCH_PATHS = (
					"$(inherited)",
					"@executable_path/Frameworks",
				);
				PRODUCT_BUNDLE_IDENTIFIER = GunduApps.ProximityReminder;
				PRODUCT_NAME = "$(TARGET_NAME)";
				SWIFT_VERSION = 5.0;
				TARGETED_DEVICE_FAMILY = "1,2";
			};
			name = Release;
		};
/* End XCBuildConfiguration section */

/* Begin XCConfigurationList section */
		8E79573E23897FE30028F0EE /* Build configuration list for PBXProject "ProximityReminder" */ = {
			isa = XCConfigurationList;
			buildConfigurations = (
				8E79575523897FE90028F0EE /* Debug */,
				8E79575623897FE90028F0EE /* Release */,
			);
			defaultConfigurationIsVisible = 0;
			defaultConfigurationName = Release;
		};
		8E79575723897FE90028F0EE /* Build configuration list for PBXNativeTarget "ProximityReminder" */ = {
			isa = XCConfigurationList;
			buildConfigurations = (
				8E79575823897FE90028F0EE /* Debug */,
				8E79575923897FE90028F0EE /* Release */,
			);
			defaultConfigurationIsVisible = 0;
			defaultConfigurationName = Release;
		};
/* End XCConfigurationList section */

/* Begin XCVersionGroup section */
		8E7B121B238AFB290063DE3E /* ProximityReminder.xcdatamodeld */ = {
			isa = XCVersionGroup;
			children = (
				8E7B121C238AFB290063DE3E /* ProximityReminder.xcdatamodel */,
			);
			currentVersion = 8E7B121C238AFB290063DE3E /* ProximityReminder.xcdatamodel */;
			path = ProximityReminder.xcdatamodeld;
			sourceTree = "<group>";
			versionGroupType = wrapper.xcdatamodel;
		};
/* End XCVersionGroup section */
	};
	rootObject = 8E79573B23897FE30028F0EE /* Project object */;
}
